
Microsoft Visual Studio Solution File, Format Version 12.00
# Visual Studio Version 17
VisualStudioVersion = 17.2.32526.322
MinimumVisualStudioVersion = 10.0.40219.1
Project("{9A19103F-16F7-4668-BE54-9A1E7A4F7556}") = "LiraOfInvestment", "LiraOfInvestment\LiraOfInvestment.csproj", "{A1F62AA7-E1CC-4D7B-8C10-381A30649EF8}"
EndProject
Project("{FAE04EC0-301F-11D3-BF4B-00C04F79EFBC}") = "EntityLayer", "EntityLayer\EntityLayer.csproj", "{365BF7CB-005E-46F5-8FD0-4E7815C053F4}"
EndProject
Project("{FAE04EC0-301F-11D3-BF4B-00C04F79EFBC}") = "DataAccessLayer", "DataAccessLayer\DataAccessLayer.csproj", "{1EA8068C-BE46-457D-8994-9D7FD0B3D976}"
EndProject
Project("{FAE04EC0-301F-11D3-BF4B-00C04F79EFBC}") = "BusinessLayer", "BusinessLayer\BusinessLayer.csproj", "{FECFC666-AD5F-48D5-B6C7-F72F14A80465}"
EndProject
Global
	GlobalSection(SolutionConfigurationPlatforms) = preSolution
		Debug|Any CPU = Debug|Any CPU
		Release|Any CPU = Release|Any CPU
	EndGlobalSection
	GlobalSection(ProjectConfigurationPlatforms) = postSolution
		{A1F62AA7-E1CC-4D7B-8C10-381A30649EF8}.Debug|Any CPU.ActiveCfg = Debug|Any CPU
		{A1F62AA7-E1CC-4D7B-8C10-381A30649EF8}.Debug|Any CPU.Build.0 = Debug|Any CPU
		{A1F62AA7-E1CC-4D7B-8C10-381A30649EF8}.Release|Any CPU.ActiveCfg = Release|Any CPU
		{A1F62AA7-E1CC-4D7B-8C10-381A30649EF8}.Release|Any CPU.Build.0 = Release|Any CPU
		{365BF7CB-005E-46F5-8FD0-4E7815C053F4}.Debug|Any CPU.ActiveCfg = Debug|Any CPU
		{365BF7CB-005E-46F5-8FD0-4E7815C053F4}.Debug|Any CPU.Build.0 = Debug|Any CPU
		{365BF7CB-005E-46F5-8FD0-4E7815C053F4}.Release|Any CPU.ActiveCfg = Release|Any CPU
		{365BF7CB-005E-46F5-8FD0-4E7815C053F4}.Release|Any CPU.Build.0 = Release|Any CPU
		{1EA8068C-BE46-457D-8994-9D7FD0B3D976}.Debug|Any CPU.ActiveCfg = Debug|Any CPU
		{1EA8068C-BE46-457D-8994-9D7FD0B3D976}.Debug|Any CPU.Build.0 = Debug|Any CPU
		{1EA8068C-BE46-457D-8994-9D7FD0B3D976}.Release|Any CPU.ActiveCfg = Release|Any CPU
		{1EA8068C-BE46-457D-8994-9D7FD0B3D976}.Release|Any CPU.Build.0 = Release|Any CPU
		{FECFC666-AD5F-48D5-B6C7-F72F14A80465}.Debug|Any CPU.ActiveCfg = Debug|Any CPU
		{FECFC666-AD5F-48D5-B6C7-F72F14A80465}.Debug|Any CPU.Build.0 = Debug|Any CPU
		{FECFC666-AD5F-48D5-B6C7-F72F14A80465}.Release|Any CPU.ActiveCfg = Release|Any CPU
		{FECFC666-AD5F-48D5-B6C7-F72F14A80465}.Release|Any CPU.Build.0 = Release|Any CPU
	EndGlobalSection
	GlobalSection(SolutionProperties) = preSolution
		HideSolutionNode = FALSE
	EndGlobalSection
	GlobalSection(ExtensibilityGlobals) = postSolution
		SolutionGuid = {78FC6379-7D19-4556-A823-DDF542704A5A}
	EndGlobalSection
EndGlobal
